
Microsoft Visual Studio Solution File, Format Version 12.00
# Visual Studio Version 16
VisualStudioVersion = 16.0.30503.244
MinimumVisualStudioVersion = 10.0.40219.1
Project("{FAE04EC0-301F-11D3-BF4B-00C04F79EFBC}") = "Tutorial", "Tutorial\Tutorial.csproj", "{1742E116-C71D-4D38-B103-D72860E5D167}"
EndProject
Project("{FAE04EC0-301F-11D3-BF4B-00C04F79EFBC}") = "GetStarted", "GetStarted\GetStarted.csproj", "{7B4C507A-FBFB-4482-8200-31BDCFCCC8B5}"
EndProject
Global
	GlobalSection(SolutionConfigurationPlatforms) = preSolution
		Debug|Any CPU = Debug|Any CPU
		Release|Any CPU = Release|Any CPU
	EndGlobalSection
	GlobalSection(ProjectConfigurationPlatforms) = postSolution
		{1742E116-C71D-4D38-B103-D72860E5D167}.Debug|Any CPU.ActiveCfg = Debug|Any CPU
		{1742E116-C71D-4D38-B103-D72860E5D167}.Debug|Any CPU.Build.0 = Debug|Any CPU
		{1742E116-C71D-4D38-B103-D72860E5D167}.Release|Any CPU.ActiveCfg = Release|Any CPU
		{1742E116-C71D-4D38-B103-D72860E5D167}.Release|Any CPU.Build.0 = Release|Any CPU
		{7B4C507A-FBFB-4482-8200-31BDCFCCC8B5}.Debug|Any CPU.ActiveCfg = Debug|Any CPU
		{7B4C507A-FBFB-4482-8200-31BDCFCCC8B5}.Debug|Any CPU.Build.0 = Debug|Any CPU
		{7B4C507A-FBFB-4482-8200-31BDCFCCC8B5}.Release|Any CPU.ActiveCfg = Release|Any CPU
		{7B4C507A-FBFB-4482-8200-31BDCFCCC8B5}.Release|Any CPU.Build.0 = Release|Any CPU
	EndGlobalSection
	GlobalSection(SolutionProperties) = preSolution
		HideSolutionNode = FALSE
	EndGlobalSection
	GlobalSection(ExtensibilityGlobals) = postSolution
		SolutionGuid = {3A9E5ED1-AF73-442F-8C90-A2A474E18EF8}
	EndGlobalSection
EndGlobal
