
Microsoft Visual Studio Solution File, Format Version 12.00
# Visual Studio Version 16
VisualStudioVersion = 16.0.30503.244
MinimumVisualStudioVersion = 10.0.40219.1
Project("{9A19103F-16F7-4668-BE54-9A1E7A4F7556}") = "Tutorial", "Tutorial\Tutorial.csproj", "{1742E116-C71D-4D38-B103-D72860E5D167}"
EndProject
Project("{9A19103F-16F7-4668-BE54-9A1E7A4F7556}") = "GetStarted", "GetStarted\GetStarted.csproj", "{7B4C507A-FBFB-4482-8200-31BDCFCCC8B5}"
EndProject
Project("{9A19103F-16F7-4668-BE54-9A1E7A4F7556}") = "Syntax", "Syntax\Syntax.csproj", "{AB15EA29-65E0-417B-B41E-9FD837E75B13}"
EndProject
Project("{9A19103F-16F7-4668-BE54-9A1E7A4F7556}") = "Comments", "Comments\Comments.csproj", "{CDFA9251-AD29-4CA9-B488-E06A228E45B3}"
EndProject
Project("{9A19103F-16F7-4668-BE54-9A1E7A4F7556}") = "Variables", "Variables\Variables.csproj", "{9358F8B3-E13B-48E7-9892-494B807D8183}"
EndProject
Project("{9A19103F-16F7-4668-BE54-9A1E7A4F7556}") = "DataTypes", "DataTypes\DataTypes.csproj", "{8E07C35A-6F19-403F-9724-C1DDB0F7A94B}"
EndProject
Project("{FAE04EC0-301F-11D3-BF4B-00C04F79EFBC}") = "TypeCasting", "TypeCasting\TypeCasting.csproj", "{883EFD28-E66A-4026-8291-4F8DAB811074}"
EndProject
Project("{FAE04EC0-301F-11D3-BF4B-00C04F79EFBC}") = "UserInput", "UserInput\UserInput.csproj", "{EDC03D56-9FA0-42BC-9D36-4CB9372648DB}"
EndProject
Project("{FAE04EC0-301F-11D3-BF4B-00C04F79EFBC}") = "Operators", "Operators\Operators.csproj", "{4FFD4A46-4F3C-4810-9BD2-8895DDDC0269}"
EndProject
Project("{FAE04EC0-301F-11D3-BF4B-00C04F79EFBC}") = "Math", "Math\Math.csproj", "{EADF05C0-8B04-45A5-B35D-C620BB413D78}"
EndProject
Project("{FAE04EC0-301F-11D3-BF4B-00C04F79EFBC}") = "Booleans", "Booleans\Booleans.csproj", "{C2AD3333-9BF2-423F-970E-4C5BC98EA8DD}"
EndProject
Global
	GlobalSection(SolutionConfigurationPlatforms) = preSolution
		Debug|Any CPU = Debug|Any CPU
		Release|Any CPU = Release|Any CPU
	EndGlobalSection
	GlobalSection(ProjectConfigurationPlatforms) = postSolution
		{1742E116-C71D-4D38-B103-D72860E5D167}.Debug|Any CPU.ActiveCfg = Debug|Any CPU
		{1742E116-C71D-4D38-B103-D72860E5D167}.Debug|Any CPU.Build.0 = Debug|Any CPU
		{1742E116-C71D-4D38-B103-D72860E5D167}.Release|Any CPU.ActiveCfg = Release|Any CPU
		{1742E116-C71D-4D38-B103-D72860E5D167}.Release|Any CPU.Build.0 = Release|Any CPU
		{7B4C507A-FBFB-4482-8200-31BDCFCCC8B5}.Debug|Any CPU.ActiveCfg = Debug|Any CPU
		{7B4C507A-FBFB-4482-8200-31BDCFCCC8B5}.Debug|Any CPU.Build.0 = Debug|Any CPU
		{7B4C507A-FBFB-4482-8200-31BDCFCCC8B5}.Release|Any CPU.ActiveCfg = Release|Any CPU
		{7B4C507A-FBFB-4482-8200-31BDCFCCC8B5}.Release|Any CPU.Build.0 = Release|Any CPU
		{AB15EA29-65E0-417B-B41E-9FD837E75B13}.Debug|Any CPU.ActiveCfg = Debug|Any CPU
		{AB15EA29-65E0-417B-B41E-9FD837E75B13}.Debug|Any CPU.Build.0 = Debug|Any CPU
		{AB15EA29-65E0-417B-B41E-9FD837E75B13}.Release|Any CPU.ActiveCfg = Release|Any CPU
		{AB15EA29-65E0-417B-B41E-9FD837E75B13}.Release|Any CPU.Build.0 = Release|Any CPU
		{CDFA9251-AD29-4CA9-B488-E06A228E45B3}.Debug|Any CPU.ActiveCfg = Debug|Any CPU
		{CDFA9251-AD29-4CA9-B488-E06A228E45B3}.Debug|Any CPU.Build.0 = Debug|Any CPU
		{CDFA9251-AD29-4CA9-B488-E06A228E45B3}.Release|Any CPU.ActiveCfg = Release|Any CPU
		{CDFA9251-AD29-4CA9-B488-E06A228E45B3}.Release|Any CPU.Build.0 = Release|Any CPU
		{9358F8B3-E13B-48E7-9892-494B807D8183}.Debug|Any CPU.ActiveCfg = Debug|Any CPU
		{9358F8B3-E13B-48E7-9892-494B807D8183}.Debug|Any CPU.Build.0 = Debug|Any CPU
		{9358F8B3-E13B-48E7-9892-494B807D8183}.Release|Any CPU.ActiveCfg = Release|Any CPU
		{9358F8B3-E13B-48E7-9892-494B807D8183}.Release|Any CPU.Build.0 = Release|Any CPU
		{8E07C35A-6F19-403F-9724-C1DDB0F7A94B}.Debug|Any CPU.ActiveCfg = Debug|Any CPU
		{8E07C35A-6F19-403F-9724-C1DDB0F7A94B}.Debug|Any CPU.Build.0 = Debug|Any CPU
		{8E07C35A-6F19-403F-9724-C1DDB0F7A94B}.Release|Any CPU.ActiveCfg = Release|Any CPU
		{8E07C35A-6F19-403F-9724-C1DDB0F7A94B}.Release|Any CPU.Build.0 = Release|Any CPU
		{883EFD28-E66A-4026-8291-4F8DAB811074}.Debug|Any CPU.ActiveCfg = Debug|Any CPU
		{883EFD28-E66A-4026-8291-4F8DAB811074}.Debug|Any CPU.Build.0 = Debug|Any CPU
		{883EFD28-E66A-4026-8291-4F8DAB811074}.Release|Any CPU.ActiveCfg = Release|Any CPU
		{883EFD28-E66A-4026-8291-4F8DAB811074}.Release|Any CPU.Build.0 = Release|Any CPU
		{EDC03D56-9FA0-42BC-9D36-4CB9372648DB}.Debug|Any CPU.ActiveCfg = Debug|Any CPU
		{EDC03D56-9FA0-42BC-9D36-4CB9372648DB}.Debug|Any CPU.Build.0 = Debug|Any CPU
		{EDC03D56-9FA0-42BC-9D36-4CB9372648DB}.Release|Any CPU.ActiveCfg = Release|Any CPU
		{EDC03D56-9FA0-42BC-9D36-4CB9372648DB}.Release|Any CPU.Build.0 = Release|Any CPU
		{4FFD4A46-4F3C-4810-9BD2-8895DDDC0269}.Debug|Any CPU.ActiveCfg = Debug|Any CPU
		{4FFD4A46-4F3C-4810-9BD2-8895DDDC0269}.Debug|Any CPU.Build.0 = Debug|Any CPU
		{4FFD4A46-4F3C-4810-9BD2-8895DDDC0269}.Release|Any CPU.ActiveCfg = Release|Any CPU
		{4FFD4A46-4F3C-4810-9BD2-8895DDDC0269}.Release|Any CPU.Build.0 = Release|Any CPU
		{EADF05C0-8B04-45A5-B35D-C620BB413D78}.Debug|Any CPU.ActiveCfg = Debug|Any CPU
		{EADF05C0-8B04-45A5-B35D-C620BB413D78}.Debug|Any CPU.Build.0 = Debug|Any CPU
		{EADF05C0-8B04-45A5-B35D-C620BB413D78}.Release|Any CPU.ActiveCfg = Release|Any CPU
		{EADF05C0-8B04-45A5-B35D-C620BB413D78}.Release|Any CPU.Build.0 = Release|Any CPU
		{C2AD3333-9BF2-423F-970E-4C5BC98EA8DD}.Debug|Any CPU.ActiveCfg = Debug|Any CPU
		{C2AD3333-9BF2-423F-970E-4C5BC98EA8DD}.Debug|Any CPU.Build.0 = Debug|Any CPU
		{C2AD3333-9BF2-423F-970E-4C5BC98EA8DD}.Release|Any CPU.ActiveCfg = Release|Any CPU
		{C2AD3333-9BF2-423F-970E-4C5BC98EA8DD}.Release|Any CPU.Build.0 = Release|Any CPU
	EndGlobalSection
	GlobalSection(SolutionProperties) = preSolution
		HideSolutionNode = FALSE
	EndGlobalSection
	GlobalSection(ExtensibilityGlobals) = postSolution
		SolutionGuid = {3A9E5ED1-AF73-442F-8C90-A2A474E18EF8}
	EndGlobalSection
EndGlobal
